
Microsoft Visual Studio Solution File, Format Version 12.00
Project("{FAE04EC0-301F-11D3-BF4B-00C04F79EFBC}") = "SolarWatch", "SolarWatch\SolarWatch.csproj", "{2CAA0D6B-3934-40EE-8559-11BBDFB14092}"
EndProject
Global
	GlobalSection(SolutionConfigurationPlatforms) = preSolution
		Debug|Any CPU = Debug|Any CPU
		Release|Any CPU = Release|Any CPU
	EndGlobalSection
	GlobalSection(ProjectConfigurationPlatforms) = postSolution
		{2CAA0D6B-3934-40EE-8559-11BBDFB14092}.Debug|Any CPU.ActiveCfg = Debug|Any CPU
		{2CAA0D6B-3934-40EE-8559-11BBDFB14092}.Debug|Any CPU.Build.0 = Debug|Any CPU
		{2CAA0D6B-3934-40EE-8559-11BBDFB14092}.Release|Any CPU.ActiveCfg = Release|Any CPU
		{2CAA0D6B-3934-40EE-8559-11BBDFB14092}.Release|Any CPU.Build.0 = Release|Any CPU
	EndGlobalSection
EndGlobal
